
Microsoft Visual Studio Solution File, Format Version 12.00
# Visual Studio 15
VisualStudioVersion = 15.0.26730.16
MinimumVisualStudioVersion = 10.0.40219.1
Project("{FAE04EC0-301F-11D3-BF4B-00C04F79EFBC}") = "NetOverview", "NetOverview\NetOverview.csproj", "{163BE691-CF4B-4702-BD64-EE6CF90D4DF9}"
EndProject
Global
	GlobalSection(SolutionConfigurationPlatforms) = preSolution
		Debug|Any CPU = Debug|Any CPU
		Release|Any CPU = Release|Any CPU
	EndGlobalSection
	GlobalSection(ProjectConfigurationPlatforms) = postSolution
		{163BE691-CF4B-4702-BD64-EE6CF90D4DF9}.Debug|Any CPU.ActiveCfg = Debug|Any CPU
		{163BE691-CF4B-4702-BD64-EE6CF90D4DF9}.Debug|Any CPU.Build.0 = Debug|Any CPU
		{163BE691-CF4B-4702-BD64-EE6CF90D4DF9}.Release|Any CPU.ActiveCfg = Release|Any CPU
		{163BE691-CF4B-4702-BD64-EE6CF90D4DF9}.Release|Any CPU.Build.0 = Release|Any CPU
	EndGlobalSection
	GlobalSection(SolutionProperties) = preSolution
		HideSolutionNode = FALSE
	EndGlobalSection
	GlobalSection(ExtensibilityGlobals) = postSolution
		SolutionGuid = {56D2B87E-4A6A-49E1-8657-7F45B94A77B1}
	EndGlobalSection
EndGlobal
